github.com/armon/go-socks5 v0.0.0-20160902184237-e75332964ef5 h1:sMLyrFvxQbmdcqXTA2iyuNYy0V6rcY8Uz1wIvVOQu5M=
github.com/armon/go-socks5 v0.0.0-20160902184237-e75332964ef5/go.mod h1:jQklZ4ch7S8S/s3MGEw0MNshM2dPgxT4e03JiL/DM8w=
github.com/flynn/noise v1.0.0 h1:C7rK8yYsltyIaj9N6VjFGXYhlRRXz7uGXh0gMtUizdM=
github.com/flynn/noise v1.0.0/go.mod h1:Gh6QwrwjtspO22I76eCVeo1IajQtnbULmL5wLHfF+T0=
github.com/quic-go/quic-go v0.39.2 h1:4a3PnPwBjKiaV3WfcPiOoAoB4lKUdLymD0f0jY3eMR4=
github.com/quic-go/quic-go v0.39.2/go.mod h1:EaiEN8AoViR0Uo5hYc2vGY5iKlhFL3FYy+TnXf/sP+U=
github.com/refraction-networking/utls v1.6.6 h1:RkFCfHycTK4VITBv7a4h9TK+c4rQ8xp3gVaGzMkvNgM=
github.com/refraction-networking/utls v1.6.6/go.mod h1:kvw3pB2rmrrdRe81Sj+Ur0X+VYHi7QOzB3foyAtQXs8=
github.com/xtaci/smux v1.5.34 h1:pjJ6IU0ddwXDC5PQ+j8nW7mI8cjzEvyN3zYqHJKHu6g=
github.com/xtaci/smux v1.5.34/go.mod h1:QHyKGN3j1w2pMMKQLZ8TnwZo/XQx0w6t2dYpPgubxQU=
golang.org/x/crypto v0.14.0 h1:Mt4Y1VEcH4mCUy7ex2hz6lR6ykAHh5/O4H1rKDt9tUc=
golang.org/x/crypto v0.14.0/go.mod h1:2X9JeDbDieCOKNecxQIbRl20abEYOWHsKjXHgDJZS9o=
golang.org/x/exp v0.0.0-20240502-765aeb5c3dec h1:7dDKhd/YFE9S6X0TKVpwyRhCxLotI0fPxFuCtz+PuSQ=
golang.org/x/exp v0.0.0-20240502-765aeb5c3dec/go.mod h1:OkDt2IR4k8U15QcGNNH/1ZIzLA8xKhRkzR5lEYw68qg=
golang.org/x/net v0.23.0 h1:Yw0c6ERj3XlN0CSjQExDEzEREFafKnq3xcDlYcQ9jYg=
golang.org/x/net v0.23.0/go.mod h1:foafms9R64iRigtYMTubIVERS82oStEUcyj60XdX+FU=
golang.org/x/sys v0.17.0 h1:9zc0n+nHAUJKFI6Wau9qcTq+kbPVafHPfkXfgwS+YlA=
golang.org/x/sys v0.17.0/go.mod h1:DrI+gYil4CjSBRHgxPY82B17H9uYtOVAdmRWQn+bKKE=
golang.org/x/term v0.17.0 h1:s6V/OGdoH2ChfGhQzLEKo7Ua+xwbpDzwlMN0nJOVP+Y=
golang.org/x/term v0.17.0/go.mod h1:6Ek4oBtMl2O8wPiRgnxjAME/9yBO5Q4NG2+v5GTkBiY=
